// !$*UTF8*$!
{
	archiveVersion = 1;
	classes = {
	};
	objectVersion = 55;
	objects = {

/* Begin PBXBuildFile section */
		C423A8252875DBF50063ACCA /* BrainStation23_PracticalTestApp.swift in Sources */ = {isa = PBXBuildFile; fileRef = C423A8242875DBF50063ACCA /* BrainStation23_PracticalTestApp.swift */; };
		C423A8292875DBF80063ACCA /* Assets.xcassets in Resources */ = {isa = PBXBuildFile; fileRef = C423A8282875DBF80063ACCA /* Assets.xcassets */; };
		C423A82C2875DBF80063ACCA /* Preview Assets.xcassets in Resources */ = {isa = PBXBuildFile; fileRef = C423A82B2875DBF80063ACCA /* Preview Assets.xcassets */; };
		C423A83A2875E12A0063ACCA /* HomeScreenView.swift in Sources */ = {isa = PBXBuildFile; fileRef = C423A8392875E12A0063ACCA /* HomeScreenView.swift */; };
		C423A83C2875E1410063ACCA /* HomeScreenViewModel.swift in Sources */ = {isa = PBXBuildFile; fileRef = C423A83B2875E1410063ACCA /* HomeScreenViewModel.swift */; };
		C423A83E2875E19C0063ACCA /* MovieEntity.swift in Sources */ = {isa = PBXBuildFile; fileRef = C423A83D2875E19C0063ACCA /* MovieEntity.swift */; };
		C423A8402875E36E0063ACCA /* NetworkManager.swift in Sources */ = {isa = PBXBuildFile; fileRef = C423A83F2875E36E0063ACCA /* NetworkManager.swift */; };
		C423A8422875E38B0063ACCA /* AppConstants.swift in Sources */ = {isa = PBXBuildFile; fileRef = C423A8412875E38B0063ACCA /* AppConstants.swift */; };
		C423A8442875E6F70063ACCA /* UiApplicationExtension.swift in Sources */ = {isa = PBXBuildFile; fileRef = C423A8432875E6F70063ACCA /* UiApplicationExtension.swift */; };
		C423A8462875E7450063ACCA /* ColorExtension.swift in Sources */ = {isa = PBXBuildFile; fileRef = C423A8452875E7450063ACCA /* ColorExtension.swift */; };
		C423A8482875E77B0063ACCA /* MovieDataService.swift in Sources */ = {isa = PBXBuildFile; fileRef = C423A8472875E77B0063ACCA /* MovieDataService.swift */; };
		C423A84A2875E8BC0063ACCA /* SearchResponseEntity.swift in Sources */ = {isa = PBXBuildFile; fileRef = C423A8492875E8BC0063ACCA /* SearchResponseEntity.swift */; };
		C423A84C2875E9F30063ACCA /* SearchView.swift in Sources */ = {isa = PBXBuildFile; fileRef = C423A84B2875E9F30063ACCA /* SearchView.swift */; };
		C423A850287600530063ACCA /* MovieItemView.swift in Sources */ = {isa = PBXBuildFile; fileRef = C423A84F287600530063ACCA /* MovieItemView.swift */; };
		C423A852287624ED0063ACCA /* SearchHintView.swift in Sources */ = {isa = PBXBuildFile; fileRef = C423A851287624ED0063ACCA /* SearchHintView.swift */; };
		C423A854287625590063ACCA /* EmptyListErrorView.swift in Sources */ = {isa = PBXBuildFile; fileRef = C423A853287625590063ACCA /* EmptyListErrorView.swift */; };
		C423A856287626100063ACCA /* DataLoadErrorView.swift in Sources */ = {isa = PBXBuildFile; fileRef = C423A855287626100063ACCA /* DataLoadErrorView.swift */; };
		C423A858287626C70063ACCA /* AppTitleBar.swift in Sources */ = {isa = PBXBuildFile; fileRef = C423A857287626C70063ACCA /* AppTitleBar.swift */; };
/* End PBXBuildFile section */

/* Begin PBXFileReference section */
		C423A8212875DBF50063ACCA /* BrainStation23_PracticalTest.app */ = {isa = PBXFileReference; explicitFileType = wrapper.application; includeInIndex = 0; path = BrainStation23_PracticalTest.app; sourceTree = BUILT_PRODUCTS_DIR; };
		C423A8242875DBF50063ACCA /* BrainStation23_PracticalTestApp.swift */ = {isa = PBXFileReference; lastKnownFileType = sourcecode.swift; path = BrainStation23_PracticalTestApp.swift; sourceTree = "<group>"; };
		C423A8282875DBF80063ACCA /* Assets.xcassets */ = {isa = PBXFileReference; lastKnownFileType = folder.assetcatalog; path = Assets.xcassets; sourceTree = "<group>"; };
		C423A82B2875DBF80063ACCA /* Preview Assets.xcassets */ = {isa = PBXFileReference; lastKnownFileType = folder.assetcatalog; path = "Preview Assets.xcassets"; sourceTree = "<group>"; };
		C423A8392875E12A0063ACCA /* HomeScreenView.swift */ = {isa = PBXFileReference; lastKnownFileType = sourcecode.swift; path = HomeScreenView.swift; sourceTree = "<group>"; };
		C423A83B2875E1410063ACCA /* HomeScreenViewModel.swift */ = {isa = PBXFileReference; lastKnownFileType = sourcecode.swift; path = HomeScreenViewModel.swift; sourceTree = "<group>"; };
		C423A83D2875E19C0063ACCA /* MovieEntity.swift */ = {isa = PBXFileReference; lastKnownFileType = sourcecode.swift; path = MovieEntity.swift; sourceTree = "<group>"; };
		C423A83F2875E36E0063ACCA /* NetworkManager.swift */ = {isa = PBXFileReference; lastKnownFileType = sourcecode.swift; path = NetworkManager.swift; sourceTree = "<group>"; };
		C423A8412875E38B0063ACCA /* AppConstants.swift */ = {isa = PBXFileReference; lastKnownFileType = sourcecode.swift; path = AppConstants.swift; sourceTree = "<group>"; };
		C423A8432875E6F70063ACCA /* UiApplicationExtension.swift */ = {isa = PBXFileReference; lastKnownFileType = sourcecode.swift; path = UiApplicationExtension.swift; sourceTree = "<group>"; };
		C423A8452875E7450063ACCA /* ColorExtension.swift */ = {isa = PBXFileReference; lastKnownFileType = sourcecode.swift; path = ColorExtension.swift; sourceTree = "<group>"; };
		C423A8472875E77B0063ACCA /* MovieDataService.swift */ = {isa = PBXFileReference; lastKnownFileType = sourcecode.swift; path = MovieDataService.swift; sourceTree = "<group>"; };
		C423A8492875E8BC0063ACCA /* SearchResponseEntity.swift */ = {isa = PBXFileReference; lastKnownFileType = sourcecode.swift; path = SearchResponseEntity.swift; sourceTree = "<group>"; };
		C423A84B2875E9F30063ACCA /* SearchView.swift */ = {isa = PBXFileReference; lastKnownFileType = sourcecode.swift; path = SearchView.swift; sourceTree = "<group>"; };
		C423A84F287600530063ACCA /* MovieItemView.swift */ = {isa = PBXFileReference; lastKnownFileType = sourcecode.swift; path = MovieItemView.swift; sourceTree = "<group>"; };
		C423A851287624ED0063ACCA /* SearchHintView.swift */ = {isa = PBXFileReference; lastKnownFileType = sourcecode.swift; path = SearchHintView.swift; sourceTree = "<group>"; };
		C423A853287625590063ACCA /* EmptyListErrorView.swift */ = {isa = PBXFileReference; lastKnownFileType = sourcecode.swift; path = EmptyListErrorView.swift; sourceTree = "<group>"; };
		C423A855287626100063ACCA /* DataLoadErrorView.swift */ = {isa = PBXFileReference; lastKnownFileType = sourcecode.swift; path = DataLoadErrorView.swift; sourceTree = "<group>"; };
		C423A857287626C70063ACCA /* AppTitleBar.swift */ = {isa = PBXFileReference; lastKnownFileType = sourcecode.swift; path = AppTitleBar.swift; sourceTree = "<group>"; };
/* End PBXFileReference section */

/* Begin PBXFrameworksBuildPhase section */
		C423A81E2875DBF50063ACCA /* Frameworks */ = {
			isa = PBXFrameworksBuildPhase;
			buildActionMask = 2147483647;
			files = (
			);
			runOnlyForDeploymentPostprocessing = 0;
		};
/* End PBXFrameworksBuildPhase section */

/* Begin PBXGroup section */
		C423A8182875DBF50063ACCA = {
			isa = PBXGroup;
			children = (
				C423A8232875DBF50063ACCA /* BrainStation23_PracticalTest */,
				C423A8222875DBF50063ACCA /* Products */,
			);
			sourceTree = "<group>";
		};
		C423A8222875DBF50063ACCA /* Products */ = {
			isa = PBXGroup;
			children = (
				C423A8212875DBF50063ACCA /* BrainStation23_PracticalTest.app */,
			);
			name = Products;
			sourceTree = "<group>";
		};
		C423A8232875DBF50063ACCA /* BrainStation23_PracticalTest */ = {
			isa = PBXGroup;
			children = (
				C423A8322875E0290063ACCA /* Utils */,
				C423A8332875E03C0063ACCA /* Extensions */,
				C423A8342875E0590063ACCA /* Services */,
				C423A8352875E0600063ACCA /* Models */,
				C423A8372875E0B90063ACCA /* Components */,
				C423A8362875E0750063ACCA /* Core */,
				C423A8242875DBF50063ACCA /* BrainStation23_PracticalTestApp.swift */,
				C423A8282875DBF80063ACCA /* Assets.xcassets */,
				C423A82A2875DBF80063ACCA /* Preview Content */,
			);
			path = BrainStation23_PracticalTest;
			sourceTree = "<group>";
		};
		C423A82A2875DBF80063ACCA /* Preview Content */ = {
			isa = PBXGroup;
			children = (
				C423A82B2875DBF80063ACCA /* Preview Assets.xcassets */,
			);
			path = "Preview Content";
			sourceTree = "<group>";
		};
		C423A8322875E0290063ACCA /* Utils */ = {
			isa = PBXGroup;
			children = (
				C423A83F2875E36E0063ACCA /* NetworkManager.swift */,
				C423A8412875E38B0063ACCA /* AppConstants.swift */,
			);
			path = Utils;
			sourceTree = "<group>";
		};
		C423A8332875E03C0063ACCA /* Extensions */ = {
			isa = PBXGroup;
			children = (
				C423A8432875E6F70063ACCA /* UiApplicationExtension.swift */,
				C423A8452875E7450063ACCA /* ColorExtension.swift */,
			);
			path = Extensions;
			sourceTree = "<group>";
		};
		C423A8342875E0590063ACCA /* Services */ = {
			isa = PBXGroup;
			children = (
				C423A8472875E77B0063ACCA /* MovieDataService.swift */,
			);
			path = Services;
			sourceTree = "<group>";
		};
		C423A8352875E0600063ACCA /* Models */ = {
			isa = PBXGroup;
			children = (
				C423A83D2875E19C0063ACCA /* MovieEntity.swift */,
				C423A8492875E8BC0063ACCA /* SearchResponseEntity.swift */,
			);
			path = Models;
			sourceTree = "<group>";
		};
		C423A8362875E0750063ACCA /* Core */ = {
			isa = PBXGroup;
			children = (
				C423A8382875E0E20063ACCA /* Home */,
			);
			path = Core;
			sourceTree = "<group>";
		};
		C423A8372875E0B90063ACCA /* Components */ = {
			isa = PBXGroup;
			children = (
				C423A84B2875E9F30063ACCA /* SearchView.swift */,
				C423A84F287600530063ACCA /* MovieItemView.swift */,
				C423A851287624ED0063ACCA /* SearchHintView.swift */,
				C423A853287625590063ACCA /* EmptyListErrorView.swift */,
				C423A855287626100063ACCA /* DataLoadErrorView.swift */,
				C423A857287626C70063ACCA /* AppTitleBar.swift */,
			);
			path = Components;
			sourceTree = "<group>";
		};
		C423A8382875E0E20063ACCA /* Home */ = {
			isa = PBXGroup;
			children = (
				C423A84D2875EBC10063ACCA /* Views */,
				C423A84E2875EBCA0063ACCA /* ViewModels */,
			);
			path = Home;
			sourceTree = "<group>";
		};
		C423A84D2875EBC10063ACCA /* Views */ = {
			isa = PBXGroup;
			children = (
				C423A8392875E12A0063ACCA /* HomeScreenView.swift */,
			);
			path = Views;
			sourceTree = "<group>";
		};
		C423A84E2875EBCA0063ACCA /* ViewModels */ = {
			isa = PBXGroup;
			children = (
				C423A83B2875E1410063ACCA /* HomeScreenViewModel.swift */,
			);
			path = ViewModels;
			sourceTree = "<group>";
		};
/* End PBXGroup section */

/* Begin PBXNativeTarget section */
		C423A8202875DBF50063ACCA /* BrainStation23_PracticalTest */ = {
			isa = PBXNativeTarget;
			buildConfigurationList = C423A82F2875DBF80063ACCA /* Build configuration list for PBXNativeTarget "BrainStation23_PracticalTest" */;
			buildPhases = (
				C423A81D2875DBF50063ACCA /* Sources */,
				C423A81E2875DBF50063ACCA /* Frameworks */,
				C423A81F2875DBF50063ACCA /* Resources */,
			);
			buildRules = (
			);
			dependencies = (
			);
			name = BrainStation23_PracticalTest;
			productName = BrainStation23_PracticalTest;
			productReference = C423A8212875DBF50063ACCA /* BrainStation23_PracticalTest.app */;
			productType = "com.apple.product-type.application";
		};
/* End PBXNativeTarget section */

/* Begin PBXProject section */
		C423A8192875DBF50063ACCA /* Project object */ = {
			isa = PBXProject;
			attributes = {
				BuildIndependentTargetsInParallel = 1;
				LastSwiftUpdateCheck = 1330;
				LastUpgradeCheck = 1330;
				TargetAttributes = {
					C423A8202875DBF50063ACCA = {
						CreatedOnToolsVersion = 13.3.1;
					};
				};
			};
			buildConfigurationList = C423A81C2875DBF50063ACCA /* Build configuration list for PBXProject "BrainStation23_PracticalTest" */;
			compatibilityVersion = "Xcode 13.0";
			developmentRegion = en;
			hasScannedForEncodings = 0;
			knownRegions = (
				en,
				Base,
			);
			mainGroup = C423A8182875DBF50063ACCA;
			productRefGroup = C423A8222875DBF50063ACCA /* Products */;
			projectDirPath = "";
			projectRoot = "";
			targets = (
				C423A8202875DBF50063ACCA /* BrainStation23_PracticalTest */,
			);
		};
/* End PBXProject section */

/* Begin PBXResourcesBuildPhase section */
		C423A81F2875DBF50063ACCA /* Resources */ = {
			isa = PBXResourcesBuildPhase;
			buildActionMask = 2147483647;
			files = (
				C423A82C2875DBF80063ACCA /* Preview Assets.xcassets in Resources */,
				C423A8292875DBF80063ACCA /* Assets.xcassets in Resources */,
			);
			runOnlyForDeploymentPostprocessing = 0;
		};
/* End PBXResourcesBuildPhase section */

/* Begin PBXSourcesBuildPhase section */
		C423A81D2875DBF50063ACCA /* Sources */ = {
			isa = PBXSourcesBuildPhase;
			buildActionMask = 2147483647;
			files = (
				C423A850287600530063ACCA /* MovieItemView.swift in Sources */,
				C423A8252875DBF50063ACCA /* BrainStation23_PracticalTestApp.swift in Sources */,
				C423A84A2875E8BC0063ACCA /* SearchResponseEntity.swift in Sources */,
				C423A854287625590063ACCA /* EmptyListErrorView.swift in Sources */,
				C423A858287626C70063ACCA /* AppTitleBar.swift in Sources */,
				C423A8422875E38B0063ACCA /* AppConstants.swift in Sources */,
				C423A83E2875E19C0063ACCA /* MovieEntity.swift in Sources */,
				C423A8462875E7450063ACCA /* ColorExtension.swift in Sources */,
				C423A8442875E6F70063ACCA /* UiApplicationExtension.swift in Sources */,
				C423A8402875E36E0063ACCA /* NetworkManager.swift in Sources */,
				C423A8482875E77B0063ACCA /* MovieDataService.swift in Sources */,
				C423A83C2875E1410063ACCA /* HomeScreenViewModel.swift in Sources */,
				C423A856287626100063ACCA /* DataLoadErrorView.swift in Sources */,
				C423A84C2875E9F30063ACCA /* SearchView.swift in Sources */,
				C423A852287624ED0063ACCA /* SearchHintView.swift in Sources */,
				C423A83A2875E12A0063ACCA /* HomeScreenView.swift in Sources */,
			);
			runOnlyForDeploymentPostprocessing = 0;
		};
/* End PBXSourcesBuildPhase section */

/* Begin XCBuildConfiguration section */
		C423A82D2875DBF80063ACCA /* Debug */ = {
			isa = XCBuildConfiguration;
			buildSettings = {
				ALWAYS_SEARCH_USER_PATHS = NO;
				CLANG_ANALYZER_NONNULL = YES;
				CLANG_ANALYZER_NUMBER_OBJECT_CONVERSION = YES_AGGRESSIVE;
				CLANG_CXX_LANGUAGE_STANDARD = "gnu++17";
				CLANG_ENABLE_MODULES = YES;
				CLANG_ENABLE_OBJC_ARC = YES;
				CLANG_ENABLE_OBJC_WEAK = YES;
				CLANG_WARN_BLOCK_CAPTURE_AUTORELEASING = YES;
				CLANG_WARN_BOOL_CONVERSION = YES;
				CLANG_WARN_COMMA = YES;
				CLANG_WARN_CONSTANT_CONVERSION = YES;
				CLANG_WARN_DEPRECATED_OBJC_IMPLEMENTATIONS = YES;
				CLANG_WARN_DIRECT_OBJC_ISA_USAGE = YES_ERROR;
				CLANG_WARN_DOCUMENTATION_COMMENTS = YES;
				CLANG_WARN_EMPTY_BODY = YES;
				CLANG_WARN_ENUM_CONVERSION = YES;
				CLANG_WARN_INFINITE_RECURSION = YES;
				CLANG_WARN_INT_CONVERSION = YES;
				CLANG_WARN_NON_LITERAL_NULL_CONVERSION = YES;
				CLANG_WARN_OBJC_IMPLICIT_RETAIN_SELF = YES;
				CLANG_WARN_OBJC_LITERAL_CONVERSION = YES;
				CLANG_WARN_OBJC_ROOT_CLASS = YES_ERROR;
				CLANG_WARN_QUOTED_INCLUDE_IN_FRAMEWORK_HEADER = YES;
				CLANG_WARN_RANGE_LOOP_ANALYSIS = YES;
				CLANG_WARN_STRICT_PROTOTYPES = YES;
				CLANG_WARN_SUSPICIOUS_MOVE = YES;
				CLANG_WARN_UNGUARDED_AVAILABILITY = YES_AGGRESSIVE;
				CLANG_WARN_UNREACHABLE_CODE = YES;
				CLANG_WARN__DUPLICATE_METHOD_MATCH = YES;
				COPY_PHASE_STRIP = NO;
				DEBUG_INFORMATION_FORMAT = dwarf;
				ENABLE_STRICT_OBJC_MSGSEND = YES;
				ENABLE_TESTABILITY = YES;
				GCC_C_LANGUAGE_STANDARD = gnu11;
				GCC_DYNAMIC_NO_PIC = NO;
				GCC_NO_COMMON_BLOCKS = YES;
				GCC_OPTIMIZATION_LEVEL = 0;
				GCC_PREPROCESSOR_DEFINITIONS = (
					"DEBUG=1",
					"$(inherited)",
				);
				GCC_WARN_64_TO_32_BIT_CONVERSION = YES;
				GCC_WARN_ABOUT_RETURN_TYPE = YES_ERROR;
				GCC_WARN_UNDECLARED_SELECTOR = YES;
				GCC_WARN_UNINITIALIZED_AUTOS = YES_AGGRESSIVE;
				GCC_WARN_UNUSED_FUNCTION = YES;
				GCC_WARN_UNUSED_VARIABLE = YES;
				IPHONEOS_DEPLOYMENT_TARGET = 15.4;
				MTL_ENABLE_DEBUG_INFO = INCLUDE_SOURCE;
				MTL_FAST_MATH = YES;
				ONLY_ACTIVE_ARCH = YES;
				SDKROOT = iphoneos;
				SWIFT_ACTIVE_COMPILATION_CONDITIONS = DEBUG;
				SWIFT_OPTIMIZATION_LEVEL = "-Onone";
			};
			name = Debug;
		};
		C423A82E2875DBF80063ACCA /* Release */ = {
			isa = XCBuildConfiguration;
			buildSettings = {
				ALWAYS_SEARCH_USER_PATHS = NO;
				CLANG_ANALYZER_NONNULL = YES;
				CLANG_ANALYZER_NUMBER_OBJECT_CONVERSION = YES_AGGRESSIVE;
				CLANG_CXX_LANGUAGE_STANDARD = "gnu++17";
				CLANG_ENABLE_MODULES = YES;
				CLANG_ENABLE_OBJC_ARC = YES;
				CLANG_ENABLE_OBJC_WEAK = YES;
				CLANG_WARN_BLOCK_CAPTURE_AUTORELEASING = YES;
				CLANG_WARN_BOOL_CONVERSION = YES;
				CLANG_WARN_COMMA = YES;
				CLANG_WARN_CONSTANT_CONVERSION = YES;
				CLANG_WARN_DEPRECATED_OBJC_IMPLEMENTATIONS = YES;
				CLANG_WARN_DIRECT_OBJC_ISA_USAGE = YES_ERROR;
				CLANG_WARN_DOCUMENTATION_COMMENTS = YES;
				CLANG_WARN_EMPTY_BODY = YES;
				CLANG_WARN_ENUM_CONVERSION = YES;
				CLANG_WARN_INFINITE_RECURSION = YES;
				CLANG_WARN_INT_CONVERSION = YES;
				CLANG_WARN_NON_LITERAL_NULL_CONVERSION = YES;
				CLANG_WARN_OBJC_IMPLICIT_RETAIN_SELF = YES;
				CLANG_WARN_OBJC_LITERAL_CONVERSION = YES;
				CLANG_WARN_OBJC_ROOT_CLASS = YES_ERROR;
				CLANG_WARN_QUOTED_INCLUDE_IN_FRAMEWORK_HEADER = YES;
				CLANG_WARN_RANGE_LOOP_ANALYSIS = YES;
				CLANG_WARN_STRICT_PROTOTYPES = YES;
				CLANG_WARN_SUSPICIOUS_MOVE = YES;
				CLANG_WARN_UNGUARDED_AVAILABILITY = YES_AGGRESSIVE;
				CLANG_WARN_UNREACHABLE_CODE = YES;
				CLANG_WARN__DUPLICATE_METHOD_MATCH = YES;
				COPY_PHASE_STRIP = NO;
				DEBUG_INFORMATION_FORMAT = "dwarf-with-dsym";
				ENABLE_NS_ASSERTIONS = NO;
				ENABLE_STRICT_OBJC_MSGSEND = YES;
				GCC_C_LANGUAGE_STANDARD = gnu11;
				GCC_NO_COMMON_BLOCKS = YES;
				GCC_WARN_64_TO_32_BIT_CONVERSION = YES;
				GCC_WARN_ABOUT_RETURN_TYPE = YES_ERROR;
				GCC_WARN_UNDECLARED_SELECTOR = YES;
				GCC_WARN_UNINITIALIZED_AUTOS = YES_AGGRESSIVE;
				GCC_WARN_UNUSED_FUNCTION = YES;
				GCC_WARN_UNUSED_VARIABLE = YES;
				IPHONEOS_DEPLOYMENT_TARGET = 15.4;
				MTL_ENABLE_DEBUG_INFO = NO;
				MTL_FAST_MATH = YES;
				SDKROOT = iphoneos;
				SWIFT_COMPILATION_MODE = wholemodule;
				SWIFT_OPTIMIZATION_LEVEL = "-O";
				VALIDATE_PRODUCT = YES;
			};
			name = Release;
		};
		C423A8302875DBF80063ACCA /* Debug */ = {
			isa = XCBuildConfiguration;
			buildSettings = {
				ASSETCATALOG_COMPILER_APPICON_NAME = AppIcon;
				ASSETCATALOG_COMPILER_GLOBAL_ACCENT_COLOR_NAME = AccentColor;
				CODE_SIGN_STYLE = Automatic;
				CURRENT_PROJECT_VERSION = 1;
				DEVELOPMENT_ASSET_PATHS = "\"BrainStation23_PracticalTest/Preview Content\"";
				ENABLE_PREVIEWS = YES;
				GENERATE_INFOPLIST_FILE = YES;
				INFOPLIST_KEY_UIApplicationSceneManifest_Generation = YES;
				INFOPLIST_KEY_UIApplicationSupportsIndirectInputEvents = YES;
				INFOPLIST_KEY_UILaunchScreen_Generation = YES;
				INFOPLIST_KEY_UISupportedInterfaceOrientations_iPad = "UIInterfaceOrientationPortrait UIInterfaceOrientationPortraitUpsideDown UIInterfaceOrientationLandscapeLeft UIInterfaceOrientationLandscapeRight";
				INFOPLIST_KEY_UISupportedInterfaceOrientations_iPhone = "UIInterfaceOrientationPortrait UIInterfaceOrientationLandscapeLeft UIInterfaceOrientationLandscapeRight";
				LD_RUNPATH_SEARCH_PATHS = (
					"$(inherited)",
					"@executable_path/Frameworks",
				);
				MARKETING_VERSION = 1.0;
				PRODUCT_BUNDLE_IDENTIFIER = "com.abdur-rouf.BrainStation23-PracticalTest";
				PRODUCT_NAME = "$(TARGET_NAME)";
				SWIFT_EMIT_LOC_STRINGS = YES;
				SWIFT_VERSION = 5.0;
				TARGETED_DEVICE_FAMILY = "1,2";
			};
			name = Debug;
		};
		C423A8312875DBF80063ACCA /* Release */ = {
			isa = XCBuildConfiguration;
			buildSettings = {
				ASSETCATALOG_COMPILER_APPICON_NAME = AppIcon;
				ASSETCATALOG_COMPILER_GLOBAL_ACCENT_COLOR_NAME = AccentColor;
				CODE_SIGN_STYLE = Automatic;
				CURRENT_PROJECT_VERSION = 1;
				DEVELOPMENT_ASSET_PATHS = "\"BrainStation23_PracticalTest/Preview Content\"";
				ENABLE_PREVIEWS = YES;
				GENERATE_INFOPLIST_FILE = YES;
				INFOPLIST_KEY_UIApplicationSceneManifest_Generation = YES;
				INFOPLIST_KEY_UIApplicationSupportsIndirectInputEvents = YES;
				INFOPLIST_KEY_UILaunchScreen_Generation = YES;
				INFOPLIST_KEY_UISupportedInterfaceOrientations_iPad = "UIInterfaceOrientationPortrait UIInterfaceOrientationPortraitUpsideDown UIInterfaceOrientationLandscapeLeft UIInterfaceOrientationLandscapeRight";
				INFOPLIST_KEY_UISupportedInterfaceOrientations_iPhone = "UIInterfaceOrientationPortrait UIInterfaceOrientationLandscapeLeft UIInterfaceOrientationLandscapeRight";
				LD_RUNPATH_SEARCH_PATHS = (
					"$(inherited)",
					"@executable_path/Frameworks",
				);
				MARKETING_VERSION = 1.0;
				PRODUCT_BUNDLE_IDENTIFIER = "com.abdur-rouf.BrainStation23-PracticalTest";
				PRODUCT_NAME = "$(TARGET_NAME)";
				SWIFT_EMIT_LOC_STRINGS = YES;
				SWIFT_VERSION = 5.0;
				TARGETED_DEVICE_FAMILY = "1,2";
			};
			name = Release;
		};
/* End XCBuildConfiguration section */

/* Begin XCConfigurationList section */
		C423A81C2875DBF50063ACCA /* Build configuration list for PBXProject "BrainStation23_PracticalTest" */ = {
			isa = XCConfigurationList;
			buildConfigurations = (
				C423A82D2875DBF80063ACCA /* Debug */,
				C423A82E2875DBF80063ACCA /* Release */,
			);
			defaultConfigurationIsVisible = 0;
			defaultConfigurationName = Release;
		};
		C423A82F2875DBF80063ACCA /* Build configuration list for PBXNativeTarget "BrainStation23_PracticalTest" */ = {
			isa = XCConfigurationList;
			buildConfigurations = (
				C423A8302875DBF80063ACCA /* Debug */,
				C423A8312875DBF80063ACCA /* Release */,
			);
			defaultConfigurationIsVisible = 0;
			defaultConfigurationName = Release;
		};
/* End XCConfigurationList section */
	};
	rootObject = C423A8192875DBF50063ACCA /* Project object */;
}
